
Microsoft Visual Studio Solution File, Format Version 12.00
# Visual Studio Version 16
VisualStudioVersion = 16.0.32106.194
MinimumVisualStudioVersion = 10.0.40219.1
Project("{FAE04EC0-301F-11D3-BF4B-00C04F79EFBC}") = "kspApi", "kspApi\kspApi.csproj", "{67DA5751-A79A-49E9-A777-CC57489D714E}"
EndProject
Global
	GlobalSection(SolutionConfigurationPlatforms) = preSolution
		Debug|Any CPU = Debug|Any CPU
		Release|Any CPU = Release|Any CPU
	EndGlobalSection
	GlobalSection(ProjectConfigurationPlatforms) = postSolution
		{67DA5751-A79A-49E9-A777-CC57489D714E}.Debug|Any CPU.ActiveCfg = Debug|Any CPU
		{67DA5751-A79A-49E9-A777-CC57489D714E}.Debug|Any CPU.Build.0 = Debug|Any CPU
		{67DA5751-A79A-49E9-A777-CC57489D714E}.Release|Any CPU.ActiveCfg = Release|Any CPU
		{67DA5751-A79A-49E9-A777-CC57489D714E}.Release|Any CPU.Build.0 = Release|Any CPU
	EndGlobalSection
	GlobalSection(SolutionProperties) = preSolution
		HideSolutionNode = FALSE
	EndGlobalSection
	GlobalSection(ExtensibilityGlobals) = postSolution
		SolutionGuid = {12A477D5-8C18-4470-93E9-C80A383555B4}
	EndGlobalSection
EndGlobal
